<?xml version="1.0" encoding="utf-8"?>
<Project ToolsVersion="4.0" xmlns="http://schemas.microsoft.com/developer/msbuild/2003">
  <ItemGroup>
    <Filter Include="Common">
      <UniqueIdentifier>1e1ea4e5-d4d0-4cab-a6e1-743c5fcd9222</UniqueIdentifier>
    </Filter>
    <Filter Include="Assets">
      <UniqueIdentifier>04f38376-4c0c-42ea-a08e-87255f25fffa</UniqueIdentifier>
      <Extensions>bmp;fbx;gif;jpg;jpeg;tga;tiff;tif;png</Extensions>
    </Filter>
    <Filter Include="Content">
      <UniqueIdentifier>f395a4cd-a521-49f5-95c3-28bd75cb46df</UniqueIdentifier>
    </Filter>
    <ClInclude Include="Common\DirectXHelper.h">
      <Filter>Common</Filter>
    </ClInclude>
    <ClInclude Include="Common\StepTimer.h">
      <Filter>Common</Filter>
    </ClInclude>
    <ClInclude Include="Common\DeviceResources.h">
      <Filter>Common</Filter>
    </ClInclude>
    <ClCompile Include="Common\DeviceResources.cpp">
      <Filter>Common</Filter>
    </ClCompile>
    <Image Include="Assets\Logo.scale-100.png">
      <Filter>Assets</Filter>
    </Image>
    <Image Include="Assets\SmallLogo.scale-100.png">
      <Filter>Assets</Filter>
    </Image>
    <Image Include="Assets\StoreLogo.scale-100.png">
      <Filter>Assets</Filter>
    </Image>
    <Image Include="Assets\SplashScreen.scale-100.png">
      <Filter>Assets</Filter>
    </Image>
    <Image Include="Assets\WideLogo.scale-100.png">
      <Filter>Assets</Filter>
    </Image>
  </ItemGroup>
  <ItemGroup>
    <ClCompile Include="App.cpp" />
    <ClCompile Include="SimpleSampleMain.cpp" />
    <ClCompile Include="pch.cpp" />
    <ClCompile Include="Content\DirectXTK3DSceneRenderer.cpp">
      <Filter>Content</Filter>
    </ClCompile>
  </ItemGroup>
  <ItemGroup>
    <ClInclude Include="App.h" />
    <ClInclude Include="SimpleSampleMain.h" />
    <ClInclude Include="pch.h" />
    <ClInclude Include="Content\DirectXTK3DSceneRenderer.h">
      <Filter>Content</Filter>
    </ClInclude>
  </ItemGroup>
  <ItemGroup>
    <AppxManifest Include="Package.appxmanifest" />
  </ItemGroup>
  <ItemGroup>
    <None Include="SimpleSample_TemporaryKey.pfx" />
    <None Include="Assets\ADPCMdroid.xwb">
      <Filter>Assets</Filter>
    </None>
    <None Include="Assets\italic.spritefont">
      <Filter>Assets</Filter>
    </None>
    <None Include="Assets\tiny.sdkmesh">
      <Filter>Assets</Filter>
    </None>
  </ItemGroup>
  <ItemGroup>
    <Media Include="Assets\musicmono_adpcm.wav">
      <Filter>Assets</Filter>
    </Media>
  </ItemGroup>
  <ItemGroup>
    <Image Include="Assets\seafloor.dds">
      <Filter>Assets</Filter>
    </Image>
    <Image Include="Assets\Tiny_skin.dds">
      <Filter>Assets</Filter>
    </Image>
    <Image Include="Assets\windowslogo.dds">
      <Filter>Assets</Filter>
    </Image>
  </ItemGroup>
</Project>